{
  "name": "Main",
  "lockfileVersion": 2,
  "requires": true,
  "packages": {
    "": {
      "dependencies": {
        "matter-dom-plugin": "^1.0.0"
      }
    },
    "node_modules/matter-dom-plugin": {
      "version": "1.0.0",
      "resolved": "https://registry.npmjs.org/matter-dom-plugin/-/matter-dom-plugin-1.0.0.tgz",
      "integrity": "sha512-Dhgk7bLcRLYyV3fC3vQ6iMg8x54ZojpQyJbz/mbHRQvUGF4j+QTZPN29Fwdy+xIgUAB9o3b1WmRStkf3aKwUlA=="
    }
  },
  "dependencies": {
    "matter-dom-plugin": {
      "version": "1.0.0",
      "resolved": "https://registry.npmjs.org/matter-dom-plugin/-/matter-dom-plugin-1.0.0.tgz",
      "integrity": "sha512-Dhgk7bLcRLYyV3fC3vQ6iMg8x54ZojpQyJbz/mbHRQvUGF4j+QTZPN29Fwdy+xIgUAB9o3b1WmRStkf3aKwUlA=="
    }
  }
}
